# This file was autogenerated by Stack.
# You should not edit this file by hand.
# For more information, please see the documentation at:
#   https://docs.haskellstack.org/en/stable/lock_files

packages:
- completed:
    hackage: gloss-raster-1.13.1.2@sha256:effab46454e8e18a80ed1d22d46d159c9e21c3593093e2fc3b7eb0f9bf493df0,1494
    pantry-tree:
      size: 299
      sha256: 37e37df9e99eb4f3b9ff2ed6a5a023e25cea2a2f99da83ee8ea508faefd5e151
  original:
    hackage: gloss-raster-1.13.1.2@sha256:effab46454e8e18a80ed1d22d46d159c9e21c3593093e2fc3b7eb0f9bf493df0,1494
- completed:
    hackage: repa-3.4.1.4@sha256:df02acc0f65be7ff67cf71058841644425337c5ebd44c95b1ac1564a1e3c4858,3323
    pantry-tree:
      size: 2965
      sha256: 2addb474c6f496d26c4335ca4c6a333c746d7f90957d13182c13a1483c6db7e7
  original:
    hackage: repa-3.4.1.4@sha256:df02acc0f65be7ff67cf71058841644425337c5ebd44c95b1ac1564a1e3c4858,3323
- completed:
    hackage: gloss-algorithms-1.13.0.2@sha256:13848f1d06ab8907627544ad089ebd887e076a141a51f9fb9e03c4223d301f07,1252
    pantry-tree:
      size: 399
      sha256: 0ff49452386a96f3f35a29260a930251b59ac759c8b7e1c3427474861eb41ae2
  original:
    hackage: gloss-algorithms-1.13.0.2@sha256:13848f1d06ab8907627544ad089ebd887e076a141a51f9fb9e03c4223d301f07,1252
snapshots:
- completed:
    size: 586268
    url: https://raw.githubusercontent.com/commercialhaskell/stackage-snapshots/master/lts/18/13.yaml
    sha256: d9e658a22cfe8d87a64fdf219885f942fef5fe2bcb156a9800174911c5da2443
  original: lts-18.13
